
Microsoft Visual Studio Solution File, Format Version 12.00
# Visual Studio Version 17
VisualStudioVersion = 17.13.35931.197 d17.13
MinimumVisualStudioVersion = 10.0.40219.1
Project("{FAE04EC0-301F-11D3-BF4B-00C04F79EFBC}") = "Nishant_Kumar_Oritso_Test", "Nishant_Kumar_Oritso_Test\Nishant_Kumar_Oritso_Test.csproj", "{08D62B38-6CF3-4B45-9E35-EAF3D8DBB8F7}"
EndProject
Project("{FAE04EC0-301F-11D3-BF4B-00C04F79EFBC}") = "Repository", "Repository\Repository.csproj", "{FA3B22C2-BA31-4585-AAA6-039F7C379BB8}"
EndProject
Project("{FAE04EC0-301F-11D3-BF4B-00C04F79EFBC}") = "Manager", "Manager\Manager.csproj", "{1AF02C52-30A9-4A5C-9A58-9AF0F7BD6721}"
EndProject
Project("{FAE04EC0-301F-11D3-BF4B-00C04F79EFBC}") = "Models", "Models\Models.csproj", "{EB93C3A1-BCBA-4518-AC3F-465C40BDCF1C}"
EndProject
Global
	GlobalSection(SolutionConfigurationPlatforms) = preSolution
		Debug|Any CPU = Debug|Any CPU
		Release|Any CPU = Release|Any CPU
	EndGlobalSection
	GlobalSection(ProjectConfigurationPlatforms) = postSolution
		{08D62B38-6CF3-4B45-9E35-EAF3D8DBB8F7}.Debug|Any CPU.ActiveCfg = Debug|Any CPU
		{08D62B38-6CF3-4B45-9E35-EAF3D8DBB8F7}.Debug|Any CPU.Build.0 = Debug|Any CPU
		{08D62B38-6CF3-4B45-9E35-EAF3D8DBB8F7}.Release|Any CPU.ActiveCfg = Release|Any CPU
		{08D62B38-6CF3-4B45-9E35-EAF3D8DBB8F7}.Release|Any CPU.Build.0 = Release|Any CPU
		{FA3B22C2-BA31-4585-AAA6-039F7C379BB8}.Debug|Any CPU.ActiveCfg = Debug|Any CPU
		{FA3B22C2-BA31-4585-AAA6-039F7C379BB8}.Debug|Any CPU.Build.0 = Debug|Any CPU
		{FA3B22C2-BA31-4585-AAA6-039F7C379BB8}.Release|Any CPU.ActiveCfg = Release|Any CPU
		{FA3B22C2-BA31-4585-AAA6-039F7C379BB8}.Release|Any CPU.Build.0 = Release|Any CPU
		{1AF02C52-30A9-4A5C-9A58-9AF0F7BD6721}.Debug|Any CPU.ActiveCfg = Debug|Any CPU
		{1AF02C52-30A9-4A5C-9A58-9AF0F7BD6721}.Debug|Any CPU.Build.0 = Debug|Any CPU
		{1AF02C52-30A9-4A5C-9A58-9AF0F7BD6721}.Release|Any CPU.ActiveCfg = Release|Any CPU
		{1AF02C52-30A9-4A5C-9A58-9AF0F7BD6721}.Release|Any CPU.Build.0 = Release|Any CPU
		{EB93C3A1-BCBA-4518-AC3F-465C40BDCF1C}.Debug|Any CPU.ActiveCfg = Debug|Any CPU
		{EB93C3A1-BCBA-4518-AC3F-465C40BDCF1C}.Debug|Any CPU.Build.0 = Debug|Any CPU
		{EB93C3A1-BCBA-4518-AC3F-465C40BDCF1C}.Release|Any CPU.ActiveCfg = Release|Any CPU
		{EB93C3A1-BCBA-4518-AC3F-465C40BDCF1C}.Release|Any CPU.Build.0 = Release|Any CPU
	EndGlobalSection
	GlobalSection(SolutionProperties) = preSolution
		HideSolutionNode = FALSE
	EndGlobalSection
	GlobalSection(ExtensibilityGlobals) = postSolution
		SolutionGuid = {F57241E4-E251-4F11-A1B8-929B98063325}
	EndGlobalSection
EndGlobal
